
Microsoft Visual Studio Solution File, Format Version 12.00
Project("{FAE04EC0-301F-11D3-BF4B-00C04F79EFBC}") = "Scheme.Core", "Scheme.Core\Scheme.Core.csproj", "{08CAB0B2-D799-4AF7-ABE8-0EF9B889AA8E}"
EndProject
Project("{FAE04EC0-301F-11D3-BF4B-00C04F79EFBC}") = "Scheme.Application", "Scheme.Application\Scheme.Application.csproj", "{A7122D15-17C6-4774-9D32-297B2B6F0475}"
EndProject
Project("{FAE04EC0-301F-11D3-BF4B-00C04F79EFBC}") = "Scheme.Infrastructure", "Scheme.Infrastructure\Scheme.Infrastructure.csproj", "{366FB2C5-AD2D-4E52-A1B9-70320D0223D2}"
EndProject
Project("{FAE04EC0-301F-11D3-BF4B-00C04F79EFBC}") = "Scheme.Api", "Scheme.Api\Scheme.Api.csproj", "{40381492-1059-46DD-9C95-57D9E45440B5}"
EndProject
Global
	GlobalSection(SolutionConfigurationPlatforms) = preSolution
		Debug|Any CPU = Debug|Any CPU
		Release|Any CPU = Release|Any CPU
	EndGlobalSection
	GlobalSection(ProjectConfigurationPlatforms) = postSolution
		{08CAB0B2-D799-4AF7-ABE8-0EF9B889AA8E}.Debug|Any CPU.ActiveCfg = Debug|Any CPU
		{08CAB0B2-D799-4AF7-ABE8-0EF9B889AA8E}.Debug|Any CPU.Build.0 = Debug|Any CPU
		{08CAB0B2-D799-4AF7-ABE8-0EF9B889AA8E}.Release|Any CPU.ActiveCfg = Release|Any CPU
		{08CAB0B2-D799-4AF7-ABE8-0EF9B889AA8E}.Release|Any CPU.Build.0 = Release|Any CPU
		{A7122D15-17C6-4774-9D32-297B2B6F0475}.Debug|Any CPU.ActiveCfg = Debug|Any CPU
		{A7122D15-17C6-4774-9D32-297B2B6F0475}.Debug|Any CPU.Build.0 = Debug|Any CPU
		{A7122D15-17C6-4774-9D32-297B2B6F0475}.Release|Any CPU.ActiveCfg = Release|Any CPU
		{A7122D15-17C6-4774-9D32-297B2B6F0475}.Release|Any CPU.Build.0 = Release|Any CPU
		{366FB2C5-AD2D-4E52-A1B9-70320D0223D2}.Debug|Any CPU.ActiveCfg = Debug|Any CPU
		{366FB2C5-AD2D-4E52-A1B9-70320D0223D2}.Debug|Any CPU.Build.0 = Debug|Any CPU
		{366FB2C5-AD2D-4E52-A1B9-70320D0223D2}.Release|Any CPU.ActiveCfg = Release|Any CPU
		{366FB2C5-AD2D-4E52-A1B9-70320D0223D2}.Release|Any CPU.Build.0 = Release|Any CPU
		{40381492-1059-46DD-9C95-57D9E45440B5}.Debug|Any CPU.ActiveCfg = Debug|Any CPU
		{40381492-1059-46DD-9C95-57D9E45440B5}.Debug|Any CPU.Build.0 = Debug|Any CPU
		{40381492-1059-46DD-9C95-57D9E45440B5}.Release|Any CPU.ActiveCfg = Release|Any CPU
		{40381492-1059-46DD-9C95-57D9E45440B5}.Release|Any CPU.Build.0 = Release|Any CPU
	EndGlobalSection
EndGlobal
